// !$*UTF8*$!
{
	archiveVersion = 1;
	classes = {
	};
	objectVersion = 51;
	objects = {

/* Begin PBXBuildFile section */
		04473DB3265F725600BE7D8D /* AppDelegate.swift in Sources */ = {isa = PBXBuildFile; fileRef = 04473DB2265F725600BE7D8D /* AppDelegate.swift */; };
		04473DB5265F725600BE7D8D /* SceneDelegate.swift in Sources */ = {isa = PBXBuildFile; fileRef = 04473DB4265F725600BE7D8D /* SceneDelegate.swift */; };
		04473DB7265F725600BE7D8D /* Pubg101ViewController.swift in Sources */ = {isa = PBXBuildFile; fileRef = 04473DB6265F725600BE7D8D /* Pubg101ViewController.swift */; };
		04473DBA265F725600BE7D8D /* Main.storyboard in Resources */ = {isa = PBXBuildFile; fileRef = 04473DB8265F725600BE7D8D /* Main.storyboard */; };
		04473DBC265F725700BE7D8D /* Assets.xcassets in Resources */ = {isa = PBXBuildFile; fileRef = 04473DBB265F725700BE7D8D /* Assets.xcassets */; };
		04473DBF265F725700BE7D8D /* LaunchScreen.storyboard in Resources */ = {isa = PBXBuildFile; fileRef = 04473DBD265F725700BE7D8D /* LaunchScreen.storyboard */; };
		04473DC9265F746700BE7D8D /* APIResponse.swift in Sources */ = {isa = PBXBuildFile; fileRef = 04473DC8265F746700BE7D8D /* APIResponse.swift */; };
		04473DCD265F778900BE7D8D /* WeaponsTableViewCell.swift in Sources */ = {isa = PBXBuildFile; fileRef = 04473DCC265F778900BE7D8D /* WeaponsTableViewCell.swift */; };
		04473DD0265F805700BE7D8D /* WeaponsTableViewCellViewModel.swift in Sources */ = {isa = PBXBuildFile; fileRef = 04473DCF265F805700BE7D8D /* WeaponsTableViewCellViewModel.swift */; };
		04473DD3265F849300BE7D8D /* APICaller.swift in Sources */ = {isa = PBXBuildFile; fileRef = 04473DD2265F849300BE7D8D /* APICaller.swift */; };
		04B4B4EC265FA77800BE8F3B /* Extensions.swift in Sources */ = {isa = PBXBuildFile; fileRef = 04B4B4EB265FA77800BE8F3B /* Extensions.swift */; };
		04B4B4EF265FAF5700BE8F3B /* WebViewController.swift in Sources */ = {isa = PBXBuildFile; fileRef = 04B4B4EE265FAF5700BE8F3B /* WebViewController.swift */; };
		04D7261F2660BFC000E8CCCF /* WeaponFullImageViewController.swift in Sources */ = {isa = PBXBuildFile; fileRef = 04D7261E2660BFC000E8CCCF /* WeaponFullImageViewController.swift */; };
		217A59BFB58D728C93C3D30A /* Pods_pubg101.framework in Frameworks */ = {isa = PBXBuildFile; fileRef = 15200FB2FDB11BAA7090D0B0 /* Pods_pubg101.framework */; };
/* End PBXBuildFile section */

/* Begin PBXFileReference section */
		04473DAF265F725600BE7D8D /* pubg101.app */ = {isa = PBXFileReference; explicitFileType = wrapper.application; includeInIndex = 0; path = pubg101.app; sourceTree = BUILT_PRODUCTS_DIR; };
		04473DB2265F725600BE7D8D /* AppDelegate.swift */ = {isa = PBXFileReference; lastKnownFileType = sourcecode.swift; path = AppDelegate.swift; sourceTree = "<group>"; };
		04473DB4265F725600BE7D8D /* SceneDelegate.swift */ = {isa = PBXFileReference; lastKnownFileType = sourcecode.swift; path = SceneDelegate.swift; sourceTree = "<group>"; };
		04473DB6265F725600BE7D8D /* Pubg101ViewController.swift */ = {isa = PBXFileReference; lastKnownFileType = sourcecode.swift; path = Pubg101ViewController.swift; sourceTree = "<group>"; };
		04473DB9265F725600BE7D8D /* Base */ = {isa = PBXFileReference; lastKnownFileType = file.storyboard; name = Base; path = Base.lproj/Main.storyboard; sourceTree = "<group>"; };
		04473DBB265F725700BE7D8D /* Assets.xcassets */ = {isa = PBXFileReference; lastKnownFileType = folder.assetcatalog; path = Assets.xcassets; sourceTree = "<group>"; };
		04473DBE265F725700BE7D8D /* Base */ = {isa = PBXFileReference; lastKnownFileType = file.storyboard; name = Base; path = Base.lproj/LaunchScreen.storyboard; sourceTree = "<group>"; };
		04473DC0265F725700BE7D8D /* Info.plist */ = {isa = PBXFileReference; lastKnownFileType = text.plist.xml; path = Info.plist; sourceTree = "<group>"; };
		04473DC8265F746700BE7D8D /* APIResponse.swift */ = {isa = PBXFileReference; lastKnownFileType = sourcecode.swift; path = APIResponse.swift; sourceTree = "<group>"; };
		04473DCC265F778900BE7D8D /* WeaponsTableViewCell.swift */ = {isa = PBXFileReference; lastKnownFileType = sourcecode.swift; path = WeaponsTableViewCell.swift; sourceTree = "<group>"; };
		04473DCF265F805700BE7D8D /* WeaponsTableViewCellViewModel.swift */ = {isa = PBXFileReference; lastKnownFileType = sourcecode.swift; path = WeaponsTableViewCellViewModel.swift; sourceTree = "<group>"; };
		04473DD2265F849300BE7D8D /* APICaller.swift */ = {isa = PBXFileReference; lastKnownFileType = sourcecode.swift; path = APICaller.swift; sourceTree = "<group>"; };
		04B4B4EB265FA77800BE8F3B /* Extensions.swift */ = {isa = PBXFileReference; lastKnownFileType = sourcecode.swift; path = Extensions.swift; sourceTree = "<group>"; };
		04B4B4EE265FAF5700BE8F3B /* WebViewController.swift */ = {isa = PBXFileReference; lastKnownFileType = sourcecode.swift; path = WebViewController.swift; sourceTree = "<group>"; };
		04D7261E2660BFC000E8CCCF /* WeaponFullImageViewController.swift */ = {isa = PBXFileReference; lastKnownFileType = sourcecode.swift; path = WeaponFullImageViewController.swift; sourceTree = "<group>"; };
		15200FB2FDB11BAA7090D0B0 /* Pods_pubg101.framework */ = {isa = PBXFileReference; explicitFileType = wrapper.framework; includeInIndex = 0; path = Pods_pubg101.framework; sourceTree = BUILT_PRODUCTS_DIR; };
		4A8608A45F640DA658236F9C /* Pods-pubg101.release.xcconfig */ = {isa = PBXFileReference; includeInIndex = 1; lastKnownFileType = text.xcconfig; name = "Pods-pubg101.release.xcconfig"; path = "Target Support Files/Pods-pubg101/Pods-pubg101.release.xcconfig"; sourceTree = "<group>"; };
		8B506CF08412938BC51F1E9B /* Pods-pubg101.debug.xcconfig */ = {isa = PBXFileReference; includeInIndex = 1; lastKnownFileType = text.xcconfig; name = "Pods-pubg101.debug.xcconfig"; path = "Target Support Files/Pods-pubg101/Pods-pubg101.debug.xcconfig"; sourceTree = "<group>"; };
/* End PBXFileReference section */

/* Begin PBXFrameworksBuildPhase section */
		04473DAC265F725600BE7D8D /* Frameworks */ = {
			isa = PBXFrameworksBuildPhase;
			buildActionMask = 2147483647;
			files = (
				217A59BFB58D728C93C3D30A /* Pods_pubg101.framework in Frameworks */,
			);
			runOnlyForDeploymentPostprocessing = 0;
		};
/* End PBXFrameworksBuildPhase section */

/* Begin PBXGroup section */
		04473DA6265F725600BE7D8D = {
			isa = PBXGroup;
			children = (
				04473DB1265F725600BE7D8D /* pubg101 */,
				04473DB0265F725600BE7D8D /* Products */,
				B977D8AE69430BEA706EBD8F /* Pods */,
				52D8D246F80E4C3E03BBD0C4 /* Frameworks */,
			);
			sourceTree = "<group>";
		};
		04473DB0265F725600BE7D8D /* Products */ = {
			isa = PBXGroup;
			children = (
				04473DAF265F725600BE7D8D /* pubg101.app */,
			);
			name = Products;
			sourceTree = "<group>";
		};
		04473DB1265F725600BE7D8D /* pubg101 */ = {
			isa = PBXGroup;
			children = (
				04D726272660C19E00E8CCCF /* Resources */,
				04D726262660C15B00E8CCCF /* Managers */,
				04D726232660C12E00E8CCCF /* Storyboards */,
				04D726212660C10800E8CCCF /* ViewControllers */,
				04D726282660C1B000E8CCCF /* Models */,
				04D726252660C14500E8CCCF /* Views */,
				04D726242660C13D00E8CCCF /* ViewModels */,
				04473DC0265F725700BE7D8D /* Info.plist */,
			);
			path = pubg101;
			sourceTree = "<group>";
		};
		04D726212660C10800E8CCCF /* ViewControllers */ = {
			isa = PBXGroup;
			children = (
				04473DB6265F725600BE7D8D /* Pubg101ViewController.swift */,
				04B4B4EE265FAF5700BE8F3B /* WebViewController.swift */,
				04D7261E2660BFC000E8CCCF /* WeaponFullImageViewController.swift */,
			);
			path = ViewControllers;
			sourceTree = "<group>";
		};
		04D726232660C12E00E8CCCF /* Storyboards */ = {
			isa = PBXGroup;
			children = (
				04473DB8265F725600BE7D8D /* Main.storyboard */,
				04473DBD265F725700BE7D8D /* LaunchScreen.storyboard */,
			);
			path = Storyboards;
			sourceTree = "<group>";
		};
		04D726242660C13D00E8CCCF /* ViewModels */ = {
			isa = PBXGroup;
			children = (
				04473DCF265F805700BE7D8D /* WeaponsTableViewCellViewModel.swift */,
			);
			path = ViewModels;
			sourceTree = "<group>";
		};
		04D726252660C14500E8CCCF /* Views */ = {
			isa = PBXGroup;
			children = (
				04473DCC265F778900BE7D8D /* WeaponsTableViewCell.swift */,
			);
			path = Views;
			sourceTree = "<group>";
		};
		04D726262660C15B00E8CCCF /* Managers */ = {
			isa = PBXGroup;
			children = (
				04473DD2265F849300BE7D8D /* APICaller.swift */,
			);
			path = Managers;
			sourceTree = "<group>";
		};
		04D726272660C19E00E8CCCF /* Resources */ = {
			isa = PBXGroup;
			children = (
				04473DB2265F725600BE7D8D /* AppDelegate.swift */,
				04473DB4265F725600BE7D8D /* SceneDelegate.swift */,
				04473DBB265F725700BE7D8D /* Assets.xcassets */,
				04B4B4EB265FA77800BE8F3B /* Extensions.swift */,
			);
			path = Resources;
			sourceTree = "<group>";
		};
		04D726282660C1B000E8CCCF /* Models */ = {
			isa = PBXGroup;
			children = (
				04473DC8265F746700BE7D8D /* APIResponse.swift */,
			);
			path = Models;
			sourceTree = "<group>";
		};
		52D8D246F80E4C3E03BBD0C4 /* Frameworks */ = {
			isa = PBXGroup;
			children = (
				15200FB2FDB11BAA7090D0B0 /* Pods_pubg101.framework */,
			);
			name = Frameworks;
			sourceTree = "<group>";
		};
		B977D8AE69430BEA706EBD8F /* Pods */ = {
			isa = PBXGroup;
			children = (
				8B506CF08412938BC51F1E9B /* Pods-pubg101.debug.xcconfig */,
				4A8608A45F640DA658236F9C /* Pods-pubg101.release.xcconfig */,
			);
			path = Pods;
			sourceTree = "<group>";
		};
/* End PBXGroup section */

/* Begin PBXNativeTarget section */
		04473DAE265F725600BE7D8D /* pubg101 */ = {
			isa = PBXNativeTarget;
			buildConfigurationList = 04473DC3265F725700BE7D8D /* Build configuration list for PBXNativeTarget "pubg101" */;
			buildPhases = (
				BB2BC4C6605FE08DAF8DF5BF /* [CP] Check Pods Manifest.lock */,
				04473DAB265F725600BE7D8D /* Sources */,
				04473DAC265F725600BE7D8D /* Frameworks */,
				04473DAD265F725600BE7D8D /* Resources */,
				5B26A556B019744B38E2A121 /* [CP] Embed Pods Frameworks */,
			);
			buildRules = (
			);
			dependencies = (
			);
			name = pubg101;
			productName = pubg101;
			productReference = 04473DAF265F725600BE7D8D /* pubg101.app */;
			productType = "com.apple.product-type.application";
		};
/* End PBXNativeTarget section */

/* Begin PBXProject section */
		04473DA7265F725600BE7D8D /* Project object */ = {
			isa = PBXProject;
			attributes = {
				LastSwiftUpdateCheck = 1240;
				LastUpgradeCheck = 1240;
				TargetAttributes = {
					04473DAE265F725600BE7D8D = {
						CreatedOnToolsVersion = 12.4;
					};
				};
			};
			buildConfigurationList = 04473DAA265F725600BE7D8D /* Build configuration list for PBXProject "pubg101" */;
			compatibilityVersion = "Xcode 9.3";
			developmentRegion = en;
			hasScannedForEncodings = 0;
			knownRegions = (
				en,
				Base,
			);
			mainGroup = 04473DA6265F725600BE7D8D;
			productRefGroup = 04473DB0265F725600BE7D8D /* Products */;
			projectDirPath = "";
			projectRoot = "";
			targets = (
				04473DAE265F725600BE7D8D /* pubg101 */,
			);
		};
/* End PBXProject section */

/* Begin PBXResourcesBuildPhase section */
		04473DAD265F725600BE7D8D /* Resources */ = {
			isa = PBXResourcesBuildPhase;
			buildActionMask = 2147483647;
			files = (
				04473DBF265F725700BE7D8D /* LaunchScreen.storyboard in Resources */,
				04473DBC265F725700BE7D8D /* Assets.xcassets in Resources */,
				04473DBA265F725600BE7D8D /* Main.storyboard in Resources */,
			);
			runOnlyForDeploymentPostprocessing = 0;
		};
/* End PBXResourcesBuildPhase section */

/* Begin PBXShellScriptBuildPhase section */
		5B26A556B019744B38E2A121 /* [CP] Embed Pods Frameworks */ = {
			isa = PBXShellScriptBuildPhase;
			buildActionMask = 2147483647;
			files = (
			);
			inputFileListPaths = (
				"${PODS_ROOT}/Target Support Files/Pods-pubg101/Pods-pubg101-frameworks-${CONFIGURATION}-input-files.xcfilelist",
			);
			name = "[CP] Embed Pods Frameworks";
			outputFileListPaths = (
				"${PODS_ROOT}/Target Support Files/Pods-pubg101/Pods-pubg101-frameworks-${CONFIGURATION}-output-files.xcfilelist",
			);
			runOnlyForDeploymentPostprocessing = 0;
			shellPath = /bin/sh;
			shellScript = "\"${PODS_ROOT}/Target Support Files/Pods-pubg101/Pods-pubg101-frameworks.sh\"\n";
			showEnvVarsInLog = 0;
		};
		BB2BC4C6605FE08DAF8DF5BF /* [CP] Check Pods Manifest.lock */ = {
			isa = PBXShellScriptBuildPhase;
			buildActionMask = 2147483647;
			files = (
			);
			inputFileListPaths = (
			);
			inputPaths = (
				"${PODS_PODFILE_DIR_PATH}/Podfile.lock",
				"${PODS_ROOT}/Manifest.lock",
			);
			name = "[CP] Check Pods Manifest.lock";
			outputFileListPaths = (
			);
			outputPaths = (
				"$(DERIVED_FILE_DIR)/Pods-pubg101-checkManifestLockResult.txt",
			);
			runOnlyForDeploymentPostprocessing = 0;
			shellPath = /bin/sh;
			shellScript = "diff \"${PODS_PODFILE_DIR_PATH}/Podfile.lock\" \"${PODS_ROOT}/Manifest.lock\" > /dev/null\nif [ $? != 0 ] ; then\n    # print error to STDERR\n    echo \"error: The sandbox is not in sync with the Podfile.lock. Run 'pod install' or update your CocoaPods installation.\" >&2\n    exit 1\nfi\n# This output is used by Xcode 'outputs' to avoid re-running this script phase.\necho \"SUCCESS\" > \"${SCRIPT_OUTPUT_FILE_0}\"\n";
			showEnvVarsInLog = 0;
		};
/* End PBXShellScriptBuildPhase section */

/* Begin PBXSourcesBuildPhase section */
		04473DAB265F725600BE7D8D /* Sources */ = {
			isa = PBXSourcesBuildPhase;
			buildActionMask = 2147483647;
			files = (
				04473DB7265F725600BE7D8D /* Pubg101ViewController.swift in Sources */,
				04B4B4EF265FAF5700BE8F3B /* WebViewController.swift in Sources */,
				04473DC9265F746700BE7D8D /* APIResponse.swift in Sources */,
				04473DD0265F805700BE7D8D /* WeaponsTableViewCellViewModel.swift in Sources */,
				04B4B4EC265FA77800BE8F3B /* Extensions.swift in Sources */,
				04473DD3265F849300BE7D8D /* APICaller.swift in Sources */,
				04473DB3265F725600BE7D8D /* AppDelegate.swift in Sources */,
				04473DB5265F725600BE7D8D /* SceneDelegate.swift in Sources */,
				04473DCD265F778900BE7D8D /* WeaponsTableViewCell.swift in Sources */,
				04D7261F2660BFC000E8CCCF /* WeaponFullImageViewController.swift in Sources */,
			);
			runOnlyForDeploymentPostprocessing = 0;
		};
/* End PBXSourcesBuildPhase section */

/* Begin PBXVariantGroup section */
		04473DB8265F725600BE7D8D /* Main.storyboard */ = {
			isa = PBXVariantGroup;
			children = (
				04473DB9265F725600BE7D8D /* Base */,
			);
			name = Main.storyboard;
			sourceTree = "<group>";
		};
		04473DBD265F725700BE7D8D /* LaunchScreen.storyboard */ = {
			isa = PBXVariantGroup;
			children = (
				04473DBE265F725700BE7D8D /* Base */,
			);
			name = LaunchScreen.storyboard;
			sourceTree = "<group>";
		};
/* End PBXVariantGroup section */

/* Begin XCBuildConfiguration section */
		04473DC1265F725700BE7D8D /* Debug */ = {
			isa = XCBuildConfiguration;
			buildSettings = {
				ALWAYS_SEARCH_USER_PATHS = NO;
				CLANG_ANALYZER_NONNULL = YES;
				CLANG_ANALYZER_NUMBER_OBJECT_CONVERSION = YES_AGGRESSIVE;
				CLANG_CXX_LANGUAGE_STANDARD = "gnu++14";
				CLANG_CXX_LIBRARY = "libc++";
				CLANG_ENABLE_MODULES = YES;
				CLANG_ENABLE_OBJC_ARC = YES;
				CLANG_ENABLE_OBJC_WEAK = YES;
				CLANG_WARN_BLOCK_CAPTURE_AUTORELEASING = YES;
				CLANG_WARN_BOOL_CONVERSION = YES;
				CLANG_WARN_COMMA = YES;
				CLANG_WARN_CONSTANT_CONVERSION = YES;
				CLANG_WARN_DEPRECATED_OBJC_IMPLEMENTATIONS = YES;
				CLANG_WARN_DIRECT_OBJC_ISA_USAGE = YES_ERROR;
				CLANG_WARN_DOCUMENTATION_COMMENTS = YES;
				CLANG_WARN_EMPTY_BODY = YES;
				CLANG_WARN_ENUM_CONVERSION = YES;
				CLANG_WARN_INFINITE_RECURSION = YES;
				CLANG_WARN_INT_CONVERSION = YES;
				CLANG_WARN_NON_LITERAL_NULL_CONVERSION = YES;
				CLANG_WARN_OBJC_IMPLICIT_RETAIN_SELF = YES;
				CLANG_WARN_OBJC_LITERAL_CONVERSION = YES;
				CLANG_WARN_OBJC_ROOT_CLASS = YES_ERROR;
				CLANG_WARN_QUOTED_INCLUDE_IN_FRAMEWORK_HEADER = YES;
				CLANG_WARN_RANGE_LOOP_ANALYSIS = YES;
				CLANG_WARN_STRICT_PROTOTYPES = YES;
				CLANG_WARN_SUSPICIOUS_MOVE = YES;
				CLANG_WARN_UNGUARDED_AVAILABILITY = YES_AGGRESSIVE;
				CLANG_WARN_UNREACHABLE_CODE = YES;
				CLANG_WARN__DUPLICATE_METHOD_MATCH = YES;
				COPY_PHASE_STRIP = NO;
				DEBUG_INFORMATION_FORMAT = dwarf;
				ENABLE_STRICT_OBJC_MSGSEND = YES;
				ENABLE_TESTABILITY = YES;
				GCC_C_LANGUAGE_STANDARD = gnu11;
				GCC_DYNAMIC_NO_PIC = NO;
				GCC_NO_COMMON_BLOCKS = YES;
				GCC_OPTIMIZATION_LEVEL = 0;
				GCC_PREPROCESSOR_DEFINITIONS = (
					"DEBUG=1",
					"$(inherited)",
				);
				GCC_WARN_64_TO_32_BIT_CONVERSION = YES;
				GCC_WARN_ABOUT_RETURN_TYPE = YES_ERROR;
				GCC_WARN_UNDECLARED_SELECTOR = YES;
				GCC_WARN_UNINITIALIZED_AUTOS = YES_AGGRESSIVE;
				GCC_WARN_UNUSED_FUNCTION = YES;
				GCC_WARN_UNUSED_VARIABLE = YES;
				IPHONEOS_DEPLOYMENT_TARGET = 14.4;
				MTL_ENABLE_DEBUG_INFO = INCLUDE_SOURCE;
				MTL_FAST_MATH = YES;
				ONLY_ACTIVE_ARCH = YES;
				SDKROOT = iphoneos;
				SWIFT_ACTIVE_COMPILATION_CONDITIONS = DEBUG;
				SWIFT_OPTIMIZATION_LEVEL = "-Onone";
			};
			name = Debug;
		};
		04473DC2265F725700BE7D8D /* Release */ = {
			isa = XCBuildConfiguration;
			buildSettings = {
				ALWAYS_SEARCH_USER_PATHS = NO;
				CLANG_ANALYZER_NONNULL = YES;
				CLANG_ANALYZER_NUMBER_OBJECT_CONVERSION = YES_AGGRESSIVE;
				CLANG_CXX_LANGUAGE_STANDARD = "gnu++14";
				CLANG_CXX_LIBRARY = "libc++";
				CLANG_ENABLE_MODULES = YES;
				CLANG_ENABLE_OBJC_ARC = YES;
				CLANG_ENABLE_OBJC_WEAK = YES;
				CLANG_WARN_BLOCK_CAPTURE_AUTORELEASING = YES;
				CLANG_WARN_BOOL_CONVERSION = YES;
				CLANG_WARN_COMMA = YES;
				CLANG_WARN_CONSTANT_CONVERSION = YES;
				CLANG_WARN_DEPRECATED_OBJC_IMPLEMENTATIONS = YES;
				CLANG_WARN_DIRECT_OBJC_ISA_USAGE = YES_ERROR;
				CLANG_WARN_DOCUMENTATION_COMMENTS = YES;
				CLANG_WARN_EMPTY_BODY = YES;
				CLANG_WARN_ENUM_CONVERSION = YES;
				CLANG_WARN_INFINITE_RECURSION = YES;
				CLANG_WARN_INT_CONVERSION = YES;
				CLANG_WARN_NON_LITERAL_NULL_CONVERSION = YES;
				CLANG_WARN_OBJC_IMPLICIT_RETAIN_SELF = YES;
				CLANG_WARN_OBJC_LITERAL_CONVERSION = YES;
				CLANG_WARN_OBJC_ROOT_CLASS = YES_ERROR;
				CLANG_WARN_QUOTED_INCLUDE_IN_FRAMEWORK_HEADER = YES;
				CLANG_WARN_RANGE_LOOP_ANALYSIS = YES;
				CLANG_WARN_STRICT_PROTOTYPES = YES;
				CLANG_WARN_SUSPICIOUS_MOVE = YES;
				CLANG_WARN_UNGUARDED_AVAILABILITY = YES_AGGRESSIVE;
				CLANG_WARN_UNREACHABLE_CODE = YES;
				CLANG_WARN__DUPLICATE_METHOD_MATCH = YES;
				COPY_PHASE_STRIP = NO;
				DEBUG_INFORMATION_FORMAT = "dwarf-with-dsym";
				ENABLE_NS_ASSERTIONS = NO;
				ENABLE_STRICT_OBJC_MSGSEND = YES;
				GCC_C_LANGUAGE_STANDARD = gnu11;
				GCC_NO_COMMON_BLOCKS = YES;
				GCC_WARN_64_TO_32_BIT_CONVERSION = YES;
				GCC_WARN_ABOUT_RETURN_TYPE = YES_ERROR;
				GCC_WARN_UNDECLARED_SELECTOR = YES;
				GCC_WARN_UNINITIALIZED_AUTOS = YES_AGGRESSIVE;
				GCC_WARN_UNUSED_FUNCTION = YES;
				GCC_WARN_UNUSED_VARIABLE = YES;
				IPHONEOS_DEPLOYMENT_TARGET = 14.4;
				MTL_ENABLE_DEBUG_INFO = NO;
				MTL_FAST_MATH = YES;
				SDKROOT = iphoneos;
				SWIFT_COMPILATION_MODE = wholemodule;
				SWIFT_OPTIMIZATION_LEVEL = "-O";
				VALIDATE_PRODUCT = YES;
			};
			name = Release;
		};
		04473DC4265F725700BE7D8D /* Debug */ = {
			isa = XCBuildConfiguration;
			baseConfigurationReference = 8B506CF08412938BC51F1E9B /* Pods-pubg101.debug.xcconfig */;
			buildSettings = {
				ASSETCATALOG_COMPILER_APPICON_NAME = AppIcon;
				ASSETCATALOG_COMPILER_GLOBAL_ACCENT_COLOR_NAME = AccentColor;
				CODE_SIGN_STYLE = Automatic;
				DEVELOPMENT_TEAM = 7ZBHT89JPN;
				INFOPLIST_FILE = pubg101/Info.plist;
				IPHONEOS_DEPLOYMENT_TARGET = 13.0;
				LD_RUNPATH_SEARCH_PATHS = (
					"$(inherited)",
					"@executable_path/Frameworks",
				);
				PRODUCT_BUNDLE_IDENTIFIER = com.jervygu.pubg101;
				PRODUCT_NAME = "$(TARGET_NAME)";
				SWIFT_VERSION = 5.0;
				TARGETED_DEVICE_FAMILY = "1,2";
			};
			name = Debug;
		};
		04473DC5265F725700BE7D8D /* Release */ = {
			isa = XCBuildConfiguration;
			baseConfigurationReference = 4A8608A45F640DA658236F9C /* Pods-pubg101.release.xcconfig */;
			buildSettings = {
				ASSETCATALOG_COMPILER_APPICON_NAME = AppIcon;
				ASSETCATALOG_COMPILER_GLOBAL_ACCENT_COLOR_NAME = AccentColor;
				CODE_SIGN_STYLE = Automatic;
				DEVELOPMENT_TEAM = 7ZBHT89JPN;
				INFOPLIST_FILE = pubg101/Info.plist;
				IPHONEOS_DEPLOYMENT_TARGET = 13.0;
				LD_RUNPATH_SEARCH_PATHS = (
					"$(inherited)",
					"@executable_path/Frameworks",
				);
				PRODUCT_BUNDLE_IDENTIFIER = com.jervygu.pubg101;
				PRODUCT_NAME = "$(TARGET_NAME)";
				SWIFT_VERSION = 5.0;
				TARGETED_DEVICE_FAMILY = "1,2";
			};
			name = Release;
		};
/* End XCBuildConfiguration section */

/* Begin XCConfigurationList section */
		04473DAA265F725600BE7D8D /* Build configuration list for PBXProject "pubg101" */ = {
			isa = XCConfigurationList;
			buildConfigurations = (
				04473DC1265F725700BE7D8D /* Debug */,
				04473DC2265F725700BE7D8D /* Release */,
			);
			defaultConfigurationIsVisible = 0;
			defaultConfigurationName = Release;
		};
		04473DC3265F725700BE7D8D /* Build configuration list for PBXNativeTarget "pubg101" */ = {
			isa = XCConfigurationList;
			buildConfigurations = (
				04473DC4265F725700BE7D8D /* Debug */,
				04473DC5265F725700BE7D8D /* Release */,
			);
			defaultConfigurationIsVisible = 0;
			defaultConfigurationName = Release;
		};
/* End XCConfigurationList section */
	};
	rootObject = 04473DA7265F725600BE7D8D /* Project object */;
}
